{
  "originHash" : "81c7d8ba59ce545ff49a3647bf8ff604c83bafab74ada02db910160ad0be9fea",
  "pins" : [
    {
      "identity" : "capacitor-swift-pm",
      "kind" : "remoteSourceControl",
      "location" : "https://github.com/ionic-team/capacitor-swift-pm.git",
      "state" : {
        "revision" : "9b9fb0af76b2b653f6e9b999f658adc132b9ab4c",
        "version" : "8.4.2"
      }
    },
    {
      "identity" : "ion-ios-filesystem",
      "kind" : "remoteSourceControl",
      "location" : "https://github.com/ionic-team/ion-ios-filesystem.git",
      "state" : {
        "revision" : "56bd6f9e77cb4f2269c03f2d92a9fe58fe168a1c",
        "version" : "1.1.4"
      }
    }
  ],
  "version" : 3
}
